github.com/BurntSushi/toml v0.3.1/go.mod h1:xHWCNGjB5oqiDr8zfno3MHue2Ht5sIBksp03qcyfWMU=
github.com/MaineK00n/vuls-data-update v0.0.0-20241224035812-2450d4a4763f h1:mGsE8hE7Yb1db2XhLQIL9ueYAqwhkTJkChcS1mUZOMU=
github.com/MaineK00n/vuls-data-update v0.0.0-20241224035812-2450d4a4763f/go.mod h1:X15skWJjHS02lyFsbyU0gXlfrLyOMBrhj7X7cJ876h8=
github.com/aquasecurity/go-gem-version v0.0.0-20201115065557-8eed6fe000ce h1:QgBRgJvtEOBtUXilDb1MLi1p1MWoyFDXAu5DEUl5nwM=
github.com/aquasecurity/go-gem-version v0.0.0-20201115065557-8eed6fe000ce/go.mod h1:HXgVzOPvXhVGLJs4ZKO817idqr/xhwsTcj17CLYY74s=
github.com/aquasecurity/go-npm-version v0.0.0-20201110091526-0b796d180798 h1:eveqE9ivrt30CJ7dOajOfBavhZ4zPqHcZe/4tKp0alc=
github.com/aquasecurity/go-npm-version v0.0.0-20201110091526-0b796d180798/go.mod h1:hxbJZtKlO4P8sZ9nztizR6XLoE33O+BkPmuYQ4ACyz0=
github.com/aquasecurity/go-pep440-version v0.0.0-20210121094942-22b2f8951d46 h1:vmXNl+HDfqqXgr0uY1UgK1GAhps8nbAAtqHNBcgyf+4=
github.com/aquasecurity/go-pep440-version v0.0.0-20210121094942-22b2f8951d46/go.mod h1:olhPNdiiAAMiSujemd1O/sc6GcyePr23f/6uGKtthNg=
github.com/aquasecurity/go-version v0.0.0-20201107203531-5e48ac5d022a/go.mod h1:9Beu8XsUNNfzml7WBf3QmyPToP1wm1Gj/Vc5UJKqTzU=
github.com/aquasecurity/go-version v0.0.0-20210121072130-637058cfe492 h1:rcEG5HI490FF0a7zuvxOxen52ddygCfNVjP0XOCMl+M=
github.com/aquasecurity/go-version v0.0.0-20210121072130-637058cfe492/go.mod h1:9Beu8XsUNNfzml7WBf3QmyPToP1wm1Gj/Vc5UJKqTzU=
github.com/cpuguy83/go-md2man/v2 v2.0.0-20190314233015-f79a8a8ca69d/go.mod h1:maD7wRr/U5Z6m/iR4s+kqSMx2CaBsrgA7czyZG/E6dU=
github.com/davecgh/go-spew v1.1.0/go.mod h1:J7Y8YcW2NihsgmVo/mv3lAwl/skON4iLHjSsI+c5H38=
github.com/davecgh/go-spew v1.1.1 h1:vj9j/u1bqnvCEfJOwUhtlOARqs3+rkHYY13jYWTU97c=
github.com/davecgh/go-spew v1.1.1/go.mod h1:J7Y8YcW2NihsgmVo/mv3lAwl/skON4iLHjSsI+c5H38=
github.com/google/go-cmp v0.6.0 h1:ofyhxvXcZhMsU5ulbFiLKl/XBFqE1GSq7atu8tAmTRI=
github.com/google/go-cmp v0.6.0/go.mod h1:17dUlkBOakJ0+DkrSSNjCkIjxS6bF9zb3elmeNGIjoY=
github.com/hashicorp/errwrap v1.0.0 h1:hLrqtEDnRye3+sgx6z4qVLNuviH3MR5aQ0ykNJa/UYA=
github.com/hashicorp/errwrap v1.0.0/go.mod h1:YH+1FKiLXxHSkmPseP+kNlulaMuP3n2brvKWEqk/Jc4=
github.com/hashicorp/go-multierror v1.1.1 h1:H5DkEtf6CXdFp0N0Em5UCwQpXMWke8IA0+lD48awMYo=
github.com/hashicorp/go-multierror v1.1.1/go.mod h1:iw975J/qwKPdAO1clOe2L8331t/9/fmwbPZ6JB6eMoM=
github.com/hashicorp/go-version v1.7.0 h1:5tqGy27NaOTB8yJKUZELlFAS/LTKJkrmONwQKeRZfjY=
github.com/hashicorp/go-version v1.7.0/go.mod h1:fltr4n8CU8Ke44wwGCBoEymUuxUHl09ZGVZPK5anwXA=
github.com/knqyf263/go-apk-version v0.0.0-20200609155635-041fdbb8563f h1:GvCU5GXhHq+7LeOzx/haG7HSIZokl3/0GkoUFzsRJjg=
github.com/knqyf263/go-apk-version v0.0.0-20200609155635-041fdbb8563f/go.mod h1:q59u9px8b7UTj0nIjEjvmTWekazka6xIt6Uogz5Dm+8=
github.com/knqyf263/go-cpe v0.0.0-20230627041855-cb0794d06872 h1:snH0nDYi3kizy9vxYBhZm5KXkGt9VXdGEtr6/1SGUqY=
github.com/knqyf263/go-cpe v0.0.0-20230627041855-cb0794d06872/go.mod h1:4cVhzV/TndScEg4xMtSo3TTz3cMFhEAvhAA4igAyXZY=
github.com/knqyf263/go-deb-version v0.0.0-20230223133812-3ed183d23422 h1:PPPlUUqPP6fLudIK4n0l0VU4KT2cQGnheW9x8pNiCHI=
github.com/knqyf263/go-deb-version v0.0.0-20230223133812-3ed183d23422/go.mod h1:ijAmSS4jErO6+KRzcK6ixsm3Vt96hMhJ+W+x+VmbrQA=
github.com/knqyf263/go-rpm-version v0.0.0-20220614171824-631e686d1075 h1:aC6MEAs3PE3lWD7lqrJfDxHd6hcced9R4JTZu85cJwU=
github.com/knqyf263/go-rpm-version v0.0.0-20220614171824-631e686d1075/go.mod h1:i4sF0l1fFnY1aiw08QQSwVAFxHEm311Me3WsU/X7nL0=
github.com/masahiro331/go-mvn-version v0.0.0-20210429150710-d3157d602a08 h1:AevUBW4cc99rAF8q8vmddIP8qd/0J5s/UyltGbp66dg=
github.com/masahiro331/go-mvn-version v0.0.0-20210429150710-d3157d602a08/go.mod h1:JOkBRrE1HvgTyjk6diFtNGgr8XJMtIfiBzkL5krqzVk=
github.com/pandatix/go-cvss v0.6.2 h1:TFiHlzUkT67s6UkelHmK6s1INKVUG7nlKYiWWDTITGI=
github.com/pandatix/go-cvss v0.6.2/go.mod h1:jDXYlQBZrc8nvrMUVVvTG8PhmuShOnKrxP53nOFkt8Q=
github.com/pkg/errors v0.8.1/go.mod h1:bwawxfHBFNV+L2hUp1rHADufV3IMtnDRdf1r5NINEl0=
github.com/pkg/errors v0.9.1 h1:FEBLx1zS214owpjy7qsBeixbURkuhQAwrK5UwLGTwt4=
github.com/pkg/errors v0.9.1/go.mod h1:bwawxfHBFNV+L2hUp1rHADufV3IMtnDRdf1r5NINEl0=
github.com/pmezard/go-difflib v1.0.0 h1:4DBwDE0NGyQoBHbLQYPwSUPoCMWR5BEzIk/f1lZbAQM=
github.com/pmezard/go-difflib v1.0.0/go.mod h1:iKH77koFhYxTK1pcRnkKkqfTogsbg7gZNVY4sRDYZ/4=
github.com/russross/blackfriday/v2 v2.0.1/go.mod h1:+Rmxgy9KzJVeS9/2gXHxylqXiyQDYRxCVz55jmeOWTM=
github.com/shurcooL/sanitized_anchor_name v1.0.0/go.mod h1:1NzhyTcUVG4SuEtjjoZeVRXNmyL/1OwPU0+IJeTBvfc=
github.com/stretchr/objx v0.1.0/go.mod h1:HFkY916IF+rwdDfMAkV7OtwuqBVzrE8GR6GFx+wExME=
github.com/stretchr/testify v1.5.1/go.mod h1:5W2xD1RspED5o8YsWQXVCued0rvSQ+mT+I5cxcmMvtA=
github.com/stretchr/testify v1.6.1/go.mod h1:6Fq8oRcR53rry900zMqJjRRixrwX3KX962/h/Wwjteg=
github.com/stretchr/testify v1.7.0/go.mod h1:6Fq8oRcR53rry900zMqJjRRixrwX3KX962/h/Wwjteg=
github.com/stretchr/testify v1.8.4 h1:CcVxjf3Q8PM0mHUKJCdn+eZZtm5yQwehR5yeSVQQcUk=
github.com/stretchr/testify v1.8.4/go.mod h1:sz/lmYIOXD/1dqDmKjjqLyZ2RngseejIcXlSw2iwfAo=
github.com/urfave/cli/v2 v2.3.0/go.mod h1:LJmUH05zAU44vOAcrfzZQKsZbVcdbOG8rtL3/XcUArI=
golang.org/x/xerrors v0.0.0-20200804184101-5ec99f83aff1 h1:go1bK/D/BFZV2I8cIQd1NKEZ+0owSTG1fDTci4IqFcE=
golang.org/x/xerrors v0.0.0-20200804184101-5ec99f83aff1/go.mod h1:I/5z698sn9Ka8TeJc9MKroUUfqBBauWjQqLJ2OPfmY0=
gopkg.in/check.v1 v0.0.0-20161208181325-20d25e280405/go.mod h1:Co6ibVJAznAaIkqp8huTwlJQCZ016jof/cbN4VW5Yz0=
gopkg.in/yaml.v2 v2.2.2/go.mod h1:hI93XBmqTisBFMUTm0b8Fm+jr3Dg1NNxqwp+5A1VGuI=
gopkg.in/yaml.v2 v2.2.3/go.mod h1:hI93XBmqTisBFMUTm0b8Fm+jr3Dg1NNxqwp+5A1VGuI=
gopkg.in/yaml.v3 v3.0.0-20200313102051-9f266ea9e77c/go.mod h1:K4uyk7z7BCEPqu6E+C64Yfv1cQ7kz7rIZviUmN+EgEM=
gopkg.in/yaml.v3 v3.0.1 h1:fxVm/GzAzEWqLHuvctI91KS9hhNmmWOoWu0XTYJS7CA=
gopkg.in/yaml.v3 v3.0.1/go.mod h1:K4uyk7z7BCEPqu6E+C64Yfv1cQ7kz7rIZviUmN+EgEM=
